
Microsoft Visual Studio Solution File, Format Version 12.00
# Visual Studio Version 17
VisualStudioVersion = 17.1.32210.238
MinimumVisualStudioVersion = 10.0.40219.1
Project("{9A19103F-16F7-4668-BE54-9A1E7A4F7556}") = "Project1(01.03.2022)", "Project1(01.03.2022).csproj", "{4534D4C1-1C07-4D9D-8A69-8D708F7E8B47}"
EndProject
Project("{FAE04EC0-301F-11D3-BF4B-00C04F79EFBC}") = "Project2", "..\Project2\Project2.csproj", "{89952F5E-5D7F-41EA-B647-50410CD12AAD}"
EndProject
Project("{9A19103F-16F7-4668-BE54-9A1E7A4F7556}") = "Project3(lab22.03)", "..\Project3(lab22.03)\Project3(lab22.03).csproj", "{00F49C36-4D86-4D65-A30F-F8F4DEF7F82D}"
EndProject
Project("{9A19103F-16F7-4668-BE54-9A1E7A4F7556}") = "Nr.Rationale(03.29)", "..\Nr.Rationale(03.29)\Nr.Rationale(03.29).csproj", "{052ACCD3-11E8-4EA0-9863-D73516875A10}"
EndProject
Project("{9A19103F-16F7-4668-BE54-9A1E7A4F7556}") = "Nr.Rationale(03.29)Tests", "..\Nr.Rationale(03.29)Tests\Nr.Rationale(03.29)Tests.csproj", "{A0EBF45E-9DDF-446E-9CDA-56D7A6EEA5FF}"
EndProject
Project("{9A19103F-16F7-4668-BE54-9A1E7A4F7556}") = "Rectangle_Lab05_04", "..\Rectangle_Lab05_04\Rectangle_Lab05_04.csproj", "{031467B9-F154-43BC-8D33-389E36BA885F}"
EndProject
Project("{9A19103F-16F7-4668-BE54-9A1E7A4F7556}") = "Lab_12_04", "..\Lab_12_04\Lab_12_04.csproj", "{A8714D2E-D7A6-4A7E-8A71-1CFFF09A62B7}"
EndProject
Project("{9A19103F-16F7-4668-BE54-9A1E7A4F7556}") = "Transaction_19_04", "..\Transactions_19_04\Transaction_19_04.csproj", "{F31534C2-C5DC-4098-9DC6-B2B616C82C54}"
EndProject
Project("{9A19103F-16F7-4668-BE54-9A1E7A4F7556}") = "Union_Find", "..\Union_Find\Union_Find.csproj", "{723EABB8-9CC9-4546-80DC-F4364398043B}"
EndProject
Global
	GlobalSection(SolutionConfigurationPlatforms) = preSolution
		Debug|Any CPU = Debug|Any CPU
		Release|Any CPU = Release|Any CPU
	EndGlobalSection
	GlobalSection(ProjectConfigurationPlatforms) = postSolution
		{4534D4C1-1C07-4D9D-8A69-8D708F7E8B47}.Debug|Any CPU.ActiveCfg = Debug|Any CPU
		{4534D4C1-1C07-4D9D-8A69-8D708F7E8B47}.Debug|Any CPU.Build.0 = Debug|Any CPU
		{4534D4C1-1C07-4D9D-8A69-8D708F7E8B47}.Release|Any CPU.ActiveCfg = Release|Any CPU
		{4534D4C1-1C07-4D9D-8A69-8D708F7E8B47}.Release|Any CPU.Build.0 = Release|Any CPU
		{89952F5E-5D7F-41EA-B647-50410CD12AAD}.Debug|Any CPU.ActiveCfg = Debug|Any CPU
		{89952F5E-5D7F-41EA-B647-50410CD12AAD}.Debug|Any CPU.Build.0 = Debug|Any CPU
		{89952F5E-5D7F-41EA-B647-50410CD12AAD}.Release|Any CPU.ActiveCfg = Release|Any CPU
		{89952F5E-5D7F-41EA-B647-50410CD12AAD}.Release|Any CPU.Build.0 = Release|Any CPU
		{00F49C36-4D86-4D65-A30F-F8F4DEF7F82D}.Debug|Any CPU.ActiveCfg = Debug|Any CPU
		{00F49C36-4D86-4D65-A30F-F8F4DEF7F82D}.Debug|Any CPU.Build.0 = Debug|Any CPU
		{00F49C36-4D86-4D65-A30F-F8F4DEF7F82D}.Release|Any CPU.ActiveCfg = Release|Any CPU
		{00F49C36-4D86-4D65-A30F-F8F4DEF7F82D}.Release|Any CPU.Build.0 = Release|Any CPU
		{052ACCD3-11E8-4EA0-9863-D73516875A10}.Debug|Any CPU.ActiveCfg = Debug|Any CPU
		{052ACCD3-11E8-4EA0-9863-D73516875A10}.Debug|Any CPU.Build.0 = Debug|Any CPU
		{052ACCD3-11E8-4EA0-9863-D73516875A10}.Release|Any CPU.ActiveCfg = Release|Any CPU
		{052ACCD3-11E8-4EA0-9863-D73516875A10}.Release|Any CPU.Build.0 = Release|Any CPU
		{A0EBF45E-9DDF-446E-9CDA-56D7A6EEA5FF}.Debug|Any CPU.ActiveCfg = Debug|Any CPU
		{A0EBF45E-9DDF-446E-9CDA-56D7A6EEA5FF}.Debug|Any CPU.Build.0 = Debug|Any CPU
		{A0EBF45E-9DDF-446E-9CDA-56D7A6EEA5FF}.Release|Any CPU.ActiveCfg = Release|Any CPU
		{A0EBF45E-9DDF-446E-9CDA-56D7A6EEA5FF}.Release|Any CPU.Build.0 = Release|Any CPU
		{031467B9-F154-43BC-8D33-389E36BA885F}.Debug|Any CPU.ActiveCfg = Debug|Any CPU
		{031467B9-F154-43BC-8D33-389E36BA885F}.Debug|Any CPU.Build.0 = Debug|Any CPU
		{031467B9-F154-43BC-8D33-389E36BA885F}.Release|Any CPU.ActiveCfg = Release|Any CPU
		{031467B9-F154-43BC-8D33-389E36BA885F}.Release|Any CPU.Build.0 = Release|Any CPU
		{A8714D2E-D7A6-4A7E-8A71-1CFFF09A62B7}.Debug|Any CPU.ActiveCfg = Debug|Any CPU
		{A8714D2E-D7A6-4A7E-8A71-1CFFF09A62B7}.Debug|Any CPU.Build.0 = Debug|Any CPU
		{A8714D2E-D7A6-4A7E-8A71-1CFFF09A62B7}.Release|Any CPU.ActiveCfg = Release|Any CPU
		{A8714D2E-D7A6-4A7E-8A71-1CFFF09A62B7}.Release|Any CPU.Build.0 = Release|Any CPU
		{F31534C2-C5DC-4098-9DC6-B2B616C82C54}.Debug|Any CPU.ActiveCfg = Debug|Any CPU
		{F31534C2-C5DC-4098-9DC6-B2B616C82C54}.Debug|Any CPU.Build.0 = Debug|Any CPU
		{F31534C2-C5DC-4098-9DC6-B2B616C82C54}.Release|Any CPU.ActiveCfg = Release|Any CPU
		{F31534C2-C5DC-4098-9DC6-B2B616C82C54}.Release|Any CPU.Build.0 = Release|Any CPU
		{723EABB8-9CC9-4546-80DC-F4364398043B}.Debug|Any CPU.ActiveCfg = Debug|Any CPU
		{723EABB8-9CC9-4546-80DC-F4364398043B}.Debug|Any CPU.Build.0 = Debug|Any CPU
		{723EABB8-9CC9-4546-80DC-F4364398043B}.Release|Any CPU.ActiveCfg = Release|Any CPU
		{723EABB8-9CC9-4546-80DC-F4364398043B}.Release|Any CPU.Build.0 = Release|Any CPU
	EndGlobalSection
	GlobalSection(SolutionProperties) = preSolution
		HideSolutionNode = FALSE
	EndGlobalSection
	GlobalSection(ExtensibilityGlobals) = postSolution
		SolutionGuid = {72B9543A-E054-472B-A26D-16BF0EFACA1B}
	EndGlobalSection
EndGlobal
